
Microsoft Visual Studio Solution File, Format Version 12.00
# Visual Studio Version 17
VisualStudioVersion = 17.5.002.0
MinimumVisualStudioVersion = 10.0.40219.1
Project("{9A19103F-16F7-4668-BE54-9A1E7A4F7556}") = "url-shortner", "url-shortner.csproj", "{C4F6FAE1-4FB1-445D-9893-479CA5AF6631}"
EndProject
Global
	GlobalSection(SolutionConfigurationPlatforms) = preSolution
		Debug|Any CPU = Debug|Any CPU
		Release|Any CPU = Release|Any CPU
	EndGlobalSection
	GlobalSection(ProjectConfigurationPlatforms) = postSolution
		{C4F6FAE1-4FB1-445D-9893-479CA5AF6631}.Debug|Any CPU.ActiveCfg = Debug|Any CPU
		{C4F6FAE1-4FB1-445D-9893-479CA5AF6631}.Debug|Any CPU.Build.0 = Debug|Any CPU
		{C4F6FAE1-4FB1-445D-9893-479CA5AF6631}.Release|Any CPU.ActiveCfg = Release|Any CPU
		{C4F6FAE1-4FB1-445D-9893-479CA5AF6631}.Release|Any CPU.Build.0 = Release|Any CPU
	EndGlobalSection
	GlobalSection(SolutionProperties) = preSolution
		HideSolutionNode = FALSE
	EndGlobalSection
	GlobalSection(ExtensibilityGlobals) = postSolution
		SolutionGuid = {900B8DEE-31B2-47E8-9D38-461160E039F1}
	EndGlobalSection
EndGlobal
